
Microsoft Visual Studio Solution File, Format Version 12.00
# Visual Studio Version 17
VisualStudioVersion = 17.7.34221.43
MinimumVisualStudioVersion = 10.0.40219.1
Project("{FAE04EC0-301F-11D3-BF4B-00C04F79EFBC}") = "CadastroProjeto", "CadastroProjeto\CadastroProjeto.csproj", "{3D4D0D25-4C05-457D-8946-3CA39E377301}"
EndProject
Global
	GlobalSection(SolutionConfigurationPlatforms) = preSolution
		Debug|Any CPU = Debug|Any CPU
		Release|Any CPU = Release|Any CPU
	EndGlobalSection
	GlobalSection(ProjectConfigurationPlatforms) = postSolution
		{3D4D0D25-4C05-457D-8946-3CA39E377301}.Debug|Any CPU.ActiveCfg = Debug|Any CPU
		{3D4D0D25-4C05-457D-8946-3CA39E377301}.Debug|Any CPU.Build.0 = Debug|Any CPU
		{3D4D0D25-4C05-457D-8946-3CA39E377301}.Release|Any CPU.ActiveCfg = Release|Any CPU
		{3D4D0D25-4C05-457D-8946-3CA39E377301}.Release|Any CPU.Build.0 = Release|Any CPU
	EndGlobalSection
	GlobalSection(SolutionProperties) = preSolution
		HideSolutionNode = FALSE
	EndGlobalSection
	GlobalSection(ExtensibilityGlobals) = postSolution
		SolutionGuid = {826637F5-4B0A-48B7-8FE4-3F7C2F564784}
	EndGlobalSection
EndGlobal
