
Microsoft Visual Studio Solution File, Format Version 12.00
# Visual Studio Version 17
VisualStudioVersion = 17.7.34031.279
MinimumVisualStudioVersion = 10.0.40219.1
Project("{FAE04EC0-301F-11D3-BF4B-00C04F79EFBC}") = "Protótipo Projeto", "Protótipo Projeto\Protótipo Projeto.csproj", "{F24926AF-1441-4B68-BEAD-6E938F1FDA76}"
EndProject
Global
	GlobalSection(SolutionConfigurationPlatforms) = preSolution
		Debug|Any CPU = Debug|Any CPU
		Release|Any CPU = Release|Any CPU
	EndGlobalSection
	GlobalSection(ProjectConfigurationPlatforms) = postSolution
		{F24926AF-1441-4B68-BEAD-6E938F1FDA76}.Debug|Any CPU.ActiveCfg = Debug|Any CPU
		{F24926AF-1441-4B68-BEAD-6E938F1FDA76}.Debug|Any CPU.Build.0 = Debug|Any CPU
		{F24926AF-1441-4B68-BEAD-6E938F1FDA76}.Release|Any CPU.ActiveCfg = Release|Any CPU
		{F24926AF-1441-4B68-BEAD-6E938F1FDA76}.Release|Any CPU.Build.0 = Release|Any CPU
	EndGlobalSection
	GlobalSection(SolutionProperties) = preSolution
		HideSolutionNode = FALSE
	EndGlobalSection
	GlobalSection(ExtensibilityGlobals) = postSolution
		SolutionGuid = {D4725820-EE1E-4ACC-B3C1-8F860C08E446}
	EndGlobalSection
EndGlobal
